
Microsoft Visual Studio Solution File, Format Version 12.00
# Visual Studio Version 17
VisualStudioVersion = 17.3.32901.215
MinimumVisualStudioVersion = 10.0.40219.1
Project("{FAE04EC0-301F-11D3-BF4B-00C04F79EFBC}") = "SingletonPattern", "SingletonPattern\SingletonPattern.csproj", "{B4CBD96C-B8D8-4D4D-877D-A86386B0F7C5}"
EndProject
Project("{FAE04EC0-301F-11D3-BF4B-00C04F79EFBC}") = "StatePattern", "StatePattern\StatePattern.csproj", "{83D3E527-5FEE-4389-809E-A0FB153327AB}"
EndProject
Project("{FAE04EC0-301F-11D3-BF4B-00C04F79EFBC}") = "FactoryMethod", "FactoryMethod\FactoryMethod.csproj", "{8ACE9FFD-A811-483D-BC4B-C2C0AED831C4}"
EndProject
Project("{FAE04EC0-301F-11D3-BF4B-00C04F79EFBC}") = "FactoryPattern", "FactoryPattern\FactoryPattern.csproj", "{1EA34E8A-3342-4E75-8B58-50E0D12FE9E6}"
EndProject
Project("{FAE04EC0-301F-11D3-BF4B-00C04F79EFBC}") = "AbstractFactoryPattern", "AbstractFactoryPattern\AbstractFactoryPattern.csproj", "{D0C77F5F-9CF1-4526-B76B-8D6C296C0C97}"
EndProject
Project("{FAE04EC0-301F-11D3-BF4B-00C04F79EFBC}") = "ObserverPattern", "ObserverPattern\ObserverPattern.csproj", "{09DA7761-FDC2-4AFB-97BC-FB1DCC131737}"
EndProject
Project("{FAE04EC0-301F-11D3-BF4B-00C04F79EFBC}") = "AdapterPattern", "AdapterPattern\AdapterPattern.csproj", "{6681AED1-4CFA-4E49-9708-DD55398A35A4}"
EndProject
Project("{FAE04EC0-301F-11D3-BF4B-00C04F79EFBC}") = "StrategyPattern", "StrategyPattern\StrategyPattern.csproj", "{8FEA213D-F476-49C5-851A-F02682ED9604}"
EndProject
Project("{FAE04EC0-301F-11D3-BF4B-00C04F79EFBC}") = "DecoratorPattern", "DecoratorPattern\DecoratorPattern.csproj", "{864E01E1-16EA-4405-833B-67D44FA0B763}"
EndProject
Project("{FAE04EC0-301F-11D3-BF4B-00C04F79EFBC}") = "ProxyPattern", "ProxyPattern\ProxyPattern.csproj", "{08C74A50-FC56-45B8-9151-4A1CB3D1E59D}"
EndProject
Project("{FAE04EC0-301F-11D3-BF4B-00C04F79EFBC}") = "PrototypePattern", "PrototypePattern\PrototypePattern.csproj", "{357FD69F-7D2B-4F3A-8164-61E5262CA100}"
EndProject
Project("{FAE04EC0-301F-11D3-BF4B-00C04F79EFBC}") = "TemplatePattern", "TemplatePattern\TemplatePattern.csproj", "{9EFC9E2B-D796-4134-8FF5-93ABA4B59C11}"
EndProject
Project("{FAE04EC0-301F-11D3-BF4B-00C04F79EFBC}") = "FacadePattern", "FacadePattern\FacadePattern.csproj", "{E67E0C22-CDBE-4AEA-B2BB-B85FC3D3D9C2}"
EndProject
Project("{FAE04EC0-301F-11D3-BF4B-00C04F79EFBC}") = "BuilderPattern", "BuilderPattern\BuilderPattern.csproj", "{A4C8EA98-ADCC-45EF-9957-0CDD5E48DAA6}"
EndProject
Project("{FAE04EC0-301F-11D3-BF4B-00C04F79EFBC}") = "MementoPattern", "MementoPattern\MementoPattern.csproj", "{414D8D4A-601D-4258-9E50-133DE1AA4C28}"
EndProject
Project("{FAE04EC0-301F-11D3-BF4B-00C04F79EFBC}") = "IteratorPattern", "IteratorPattern\IteratorPattern.csproj", "{F62E5F6C-9C13-4D00-8130-FCCCCE6757D6}"
EndProject
Project("{FAE04EC0-301F-11D3-BF4B-00C04F79EFBC}") = "CommandPattern", "CommandPattern\CommandPattern.csproj", "{D4B609FA-32AD-431B-B9D8-36E1D4133EC4}"
EndProject
Project("{FAE04EC0-301F-11D3-BF4B-00C04F79EFBC}") = "ChainOfResponsibility", "ChainOfResponsibility\ChainOfResponsibility.csproj", "{81FFDFA0-0FDA-42D9-AED2-832005EE3621}"
EndProject
Project("{FAE04EC0-301F-11D3-BF4B-00C04F79EFBC}") = "MediatorPattern", "MediatorPattern\MediatorPattern.csproj", "{AA21F4EC-5462-42B1-90DB-C4066D2A0130}"
EndProject
Global
	GlobalSection(SolutionConfigurationPlatforms) = preSolution
		Debug|Any CPU = Debug|Any CPU
		Release|Any CPU = Release|Any CPU
	EndGlobalSection
	GlobalSection(ProjectConfigurationPlatforms) = postSolution
		{B4CBD96C-B8D8-4D4D-877D-A86386B0F7C5}.Debug|Any CPU.ActiveCfg = Debug|Any CPU
		{B4CBD96C-B8D8-4D4D-877D-A86386B0F7C5}.Debug|Any CPU.Build.0 = Debug|Any CPU
		{B4CBD96C-B8D8-4D4D-877D-A86386B0F7C5}.Release|Any CPU.ActiveCfg = Release|Any CPU
		{B4CBD96C-B8D8-4D4D-877D-A86386B0F7C5}.Release|Any CPU.Build.0 = Release|Any CPU
		{83D3E527-5FEE-4389-809E-A0FB153327AB}.Debug|Any CPU.ActiveCfg = Debug|Any CPU
		{83D3E527-5FEE-4389-809E-A0FB153327AB}.Debug|Any CPU.Build.0 = Debug|Any CPU
		{83D3E527-5FEE-4389-809E-A0FB153327AB}.Release|Any CPU.ActiveCfg = Release|Any CPU
		{83D3E527-5FEE-4389-809E-A0FB153327AB}.Release|Any CPU.Build.0 = Release|Any CPU
		{8ACE9FFD-A811-483D-BC4B-C2C0AED831C4}.Debug|Any CPU.ActiveCfg = Debug|Any CPU
		{8ACE9FFD-A811-483D-BC4B-C2C0AED831C4}.Debug|Any CPU.Build.0 = Debug|Any CPU
		{8ACE9FFD-A811-483D-BC4B-C2C0AED831C4}.Release|Any CPU.ActiveCfg = Release|Any CPU
		{8ACE9FFD-A811-483D-BC4B-C2C0AED831C4}.Release|Any CPU.Build.0 = Release|Any CPU
		{1EA34E8A-3342-4E75-8B58-50E0D12FE9E6}.Debug|Any CPU.ActiveCfg = Debug|Any CPU
		{1EA34E8A-3342-4E75-8B58-50E0D12FE9E6}.Debug|Any CPU.Build.0 = Debug|Any CPU
		{1EA34E8A-3342-4E75-8B58-50E0D12FE9E6}.Release|Any CPU.ActiveCfg = Release|Any CPU
		{1EA34E8A-3342-4E75-8B58-50E0D12FE9E6}.Release|Any CPU.Build.0 = Release|Any CPU
		{D0C77F5F-9CF1-4526-B76B-8D6C296C0C97}.Debug|Any CPU.ActiveCfg = Debug|Any CPU
		{D0C77F5F-9CF1-4526-B76B-8D6C296C0C97}.Debug|Any CPU.Build.0 = Debug|Any CPU
		{D0C77F5F-9CF1-4526-B76B-8D6C296C0C97}.Release|Any CPU.ActiveCfg = Release|Any CPU
		{D0C77F5F-9CF1-4526-B76B-8D6C296C0C97}.Release|Any CPU.Build.0 = Release|Any CPU
		{09DA7761-FDC2-4AFB-97BC-FB1DCC131737}.Debug|Any CPU.ActiveCfg = Debug|Any CPU
		{09DA7761-FDC2-4AFB-97BC-FB1DCC131737}.Debug|Any CPU.Build.0 = Debug|Any CPU
		{09DA7761-FDC2-4AFB-97BC-FB1DCC131737}.Release|Any CPU.ActiveCfg = Release|Any CPU
		{09DA7761-FDC2-4AFB-97BC-FB1DCC131737}.Release|Any CPU.Build.0 = Release|Any CPU
		{6681AED1-4CFA-4E49-9708-DD55398A35A4}.Debug|Any CPU.ActiveCfg = Debug|Any CPU
		{6681AED1-4CFA-4E49-9708-DD55398A35A4}.Debug|Any CPU.Build.0 = Debug|Any CPU
		{6681AED1-4CFA-4E49-9708-DD55398A35A4}.Release|Any CPU.ActiveCfg = Release|Any CPU
		{6681AED1-4CFA-4E49-9708-DD55398A35A4}.Release|Any CPU.Build.0 = Release|Any CPU
		{8FEA213D-F476-49C5-851A-F02682ED9604}.Debug|Any CPU.ActiveCfg = Debug|Any CPU
		{8FEA213D-F476-49C5-851A-F02682ED9604}.Debug|Any CPU.Build.0 = Debug|Any CPU
		{8FEA213D-F476-49C5-851A-F02682ED9604}.Release|Any CPU.ActiveCfg = Release|Any CPU
		{8FEA213D-F476-49C5-851A-F02682ED9604}.Release|Any CPU.Build.0 = Release|Any CPU
		{864E01E1-16EA-4405-833B-67D44FA0B763}.Debug|Any CPU.ActiveCfg = Debug|Any CPU
		{864E01E1-16EA-4405-833B-67D44FA0B763}.Debug|Any CPU.Build.0 = Debug|Any CPU
		{864E01E1-16EA-4405-833B-67D44FA0B763}.Release|Any CPU.ActiveCfg = Release|Any CPU
		{864E01E1-16EA-4405-833B-67D44FA0B763}.Release|Any CPU.Build.0 = Release|Any CPU
		{08C74A50-FC56-45B8-9151-4A1CB3D1E59D}.Debug|Any CPU.ActiveCfg = Debug|Any CPU
		{08C74A50-FC56-45B8-9151-4A1CB3D1E59D}.Debug|Any CPU.Build.0 = Debug|Any CPU
		{08C74A50-FC56-45B8-9151-4A1CB3D1E59D}.Release|Any CPU.ActiveCfg = Release|Any CPU
		{08C74A50-FC56-45B8-9151-4A1CB3D1E59D}.Release|Any CPU.Build.0 = Release|Any CPU
		{357FD69F-7D2B-4F3A-8164-61E5262CA100}.Debug|Any CPU.ActiveCfg = Debug|Any CPU
		{357FD69F-7D2B-4F3A-8164-61E5262CA100}.Debug|Any CPU.Build.0 = Debug|Any CPU
		{357FD69F-7D2B-4F3A-8164-61E5262CA100}.Release|Any CPU.ActiveCfg = Release|Any CPU
		{357FD69F-7D2B-4F3A-8164-61E5262CA100}.Release|Any CPU.Build.0 = Release|Any CPU
		{9EFC9E2B-D796-4134-8FF5-93ABA4B59C11}.Debug|Any CPU.ActiveCfg = Debug|Any CPU
		{9EFC9E2B-D796-4134-8FF5-93ABA4B59C11}.Debug|Any CPU.Build.0 = Debug|Any CPU
		{9EFC9E2B-D796-4134-8FF5-93ABA4B59C11}.Release|Any CPU.ActiveCfg = Release|Any CPU
		{9EFC9E2B-D796-4134-8FF5-93ABA4B59C11}.Release|Any CPU.Build.0 = Release|Any CPU
		{E67E0C22-CDBE-4AEA-B2BB-B85FC3D3D9C2}.Debug|Any CPU.ActiveCfg = Debug|Any CPU
		{E67E0C22-CDBE-4AEA-B2BB-B85FC3D3D9C2}.Debug|Any CPU.Build.0 = Debug|Any CPU
		{E67E0C22-CDBE-4AEA-B2BB-B85FC3D3D9C2}.Release|Any CPU.ActiveCfg = Release|Any CPU
		{E67E0C22-CDBE-4AEA-B2BB-B85FC3D3D9C2}.Release|Any CPU.Build.0 = Release|Any CPU
		{A4C8EA98-ADCC-45EF-9957-0CDD5E48DAA6}.Debug|Any CPU.ActiveCfg = Debug|Any CPU
		{A4C8EA98-ADCC-45EF-9957-0CDD5E48DAA6}.Debug|Any CPU.Build.0 = Debug|Any CPU
		{A4C8EA98-ADCC-45EF-9957-0CDD5E48DAA6}.Release|Any CPU.ActiveCfg = Release|Any CPU
		{A4C8EA98-ADCC-45EF-9957-0CDD5E48DAA6}.Release|Any CPU.Build.0 = Release|Any CPU
		{414D8D4A-601D-4258-9E50-133DE1AA4C28}.Debug|Any CPU.ActiveCfg = Debug|Any CPU
		{414D8D4A-601D-4258-9E50-133DE1AA4C28}.Debug|Any CPU.Build.0 = Debug|Any CPU
		{414D8D4A-601D-4258-9E50-133DE1AA4C28}.Release|Any CPU.ActiveCfg = Release|Any CPU
		{414D8D4A-601D-4258-9E50-133DE1AA4C28}.Release|Any CPU.Build.0 = Release|Any CPU
		{F62E5F6C-9C13-4D00-8130-FCCCCE6757D6}.Debug|Any CPU.ActiveCfg = Debug|Any CPU
		{F62E5F6C-9C13-4D00-8130-FCCCCE6757D6}.Debug|Any CPU.Build.0 = Debug|Any CPU
		{F62E5F6C-9C13-4D00-8130-FCCCCE6757D6}.Release|Any CPU.ActiveCfg = Release|Any CPU
		{F62E5F6C-9C13-4D00-8130-FCCCCE6757D6}.Release|Any CPU.Build.0 = Release|Any CPU
		{D4B609FA-32AD-431B-B9D8-36E1D4133EC4}.Debug|Any CPU.ActiveCfg = Debug|Any CPU
		{D4B609FA-32AD-431B-B9D8-36E1D4133EC4}.Debug|Any CPU.Build.0 = Debug|Any CPU
		{D4B609FA-32AD-431B-B9D8-36E1D4133EC4}.Release|Any CPU.ActiveCfg = Release|Any CPU
		{D4B609FA-32AD-431B-B9D8-36E1D4133EC4}.Release|Any CPU.Build.0 = Release|Any CPU
		{81FFDFA0-0FDA-42D9-AED2-832005EE3621}.Debug|Any CPU.ActiveCfg = Debug|Any CPU
		{81FFDFA0-0FDA-42D9-AED2-832005EE3621}.Debug|Any CPU.Build.0 = Debug|Any CPU
		{81FFDFA0-0FDA-42D9-AED2-832005EE3621}.Release|Any CPU.ActiveCfg = Release|Any CPU
		{81FFDFA0-0FDA-42D9-AED2-832005EE3621}.Release|Any CPU.Build.0 = Release|Any CPU
		{AA21F4EC-5462-42B1-90DB-C4066D2A0130}.Debug|Any CPU.ActiveCfg = Debug|Any CPU
		{AA21F4EC-5462-42B1-90DB-C4066D2A0130}.Debug|Any CPU.Build.0 = Debug|Any CPU
		{AA21F4EC-5462-42B1-90DB-C4066D2A0130}.Release|Any CPU.ActiveCfg = Release|Any CPU
		{AA21F4EC-5462-42B1-90DB-C4066D2A0130}.Release|Any CPU.Build.0 = Release|Any CPU
	EndGlobalSection
	GlobalSection(SolutionProperties) = preSolution
		HideSolutionNode = FALSE
	EndGlobalSection
	GlobalSection(ExtensibilityGlobals) = postSolution
		SolutionGuid = {EC110ACE-A67F-4CBA-925E-AB4ECEE34838}
	EndGlobalSection
EndGlobal
